<Solution>
  <Folder Name="/Solution Items/">
    <File Path=".github/workflows/dotnet.yml" />
    <File Path="README.md" />
  </Folder>
  <Project Path="src/IdentityProvider/IdentityProvider.csproj" />
  <Project Path="src/OAuthGrantExchangeIntegration/OAuthGrantExchangeIntegration.csproj" />
  <Project Path="src/RazorPageEntraId/RazorPageEntraId.csproj" />
  <Project Path="src/WebApiDuende/WebApiDuende.csproj" />
  <Project Path="src/WebApiEntraId/WebApiEntraId.csproj" />
</Solution>
